
Microsoft Visual Studio Solution File, Format Version 12.00
Project("{FAE04EC0-301F-11D3-BF4B-00C04F79EFBC}") = "Inventory Management Api", "Inventory Management Api.csproj", "{1CA06F0A-3589-42FB-9818-6A96113182AF}"
EndProject
Global
	GlobalSection(SolutionConfigurationPlatforms) = preSolution
		Debug|Any CPU = Debug|Any CPU
		Release|Any CPU = Release|Any CPU
	EndGlobalSection
	GlobalSection(ProjectConfigurationPlatforms) = postSolution
		{1CA06F0A-3589-42FB-9818-6A96113182AF}.Debug|Any CPU.ActiveCfg = Debug|Any CPU
		{1CA06F0A-3589-42FB-9818-6A96113182AF}.Debug|Any CPU.Build.0 = Debug|Any CPU
		{1CA06F0A-3589-42FB-9818-6A96113182AF}.Release|Any CPU.ActiveCfg = Release|Any CPU
		{1CA06F0A-3589-42FB-9818-6A96113182AF}.Release|Any CPU.Build.0 = Release|Any CPU
	EndGlobalSection
EndGlobal
